{
  "name": "slimjs",
  "version": "2.1.4",
  "lockfileVersion": 1,
  "requires": true,
  "dependencies": {
    "json5": {
      "version": "2.2.2",
      "resolved": "https://registry.npmjs.org/json5/-/json5-2.2.2.tgz",
      "integrity": "sha512-46Tk9JiOL2z7ytNQWFLpj99RZkVgeHf87yGQKsIkaPz1qSH9UczKH1rO7K3wgRselo0tYMUNfecYpm/p1vC7tQ=="
    }
  }
}
